
Microsoft Visual Studio Solution File, Format Version 12.00
# Visual Studio Version 17
VisualStudioVersion = 17.13.35825.156 d17.13
MinimumVisualStudioVersion = 10.0.40219.1
Project("{FAE04EC0-301F-11D3-BF4B-00C04F79EFBC}") = "pN8_AsyncEvent", "pN8_AsyncEvent.csproj", "{09AD4598-33A4-484C-BDE3-8E0D4D634CCC}"
EndProject
Global
	GlobalSection(SolutionConfigurationPlatforms) = preSolution
		Debug|Any CPU = Debug|Any CPU
		Release|Any CPU = Release|Any CPU
	EndGlobalSection
	GlobalSection(ProjectConfigurationPlatforms) = postSolution
		{09AD4598-33A4-484C-BDE3-8E0D4D634CCC}.Debug|Any CPU.ActiveCfg = Debug|Any CPU
		{09AD4598-33A4-484C-BDE3-8E0D4D634CCC}.Debug|Any CPU.Build.0 = Debug|Any CPU
		{09AD4598-33A4-484C-BDE3-8E0D4D634CCC}.Release|Any CPU.ActiveCfg = Release|Any CPU
		{09AD4598-33A4-484C-BDE3-8E0D4D634CCC}.Release|Any CPU.Build.0 = Release|Any CPU
	EndGlobalSection
	GlobalSection(SolutionProperties) = preSolution
		HideSolutionNode = FALSE
	EndGlobalSection
	GlobalSection(ExtensibilityGlobals) = postSolution
		SolutionGuid = {91B0CCA0-219B-498D-A354-A775CB159860}
	EndGlobalSection
EndGlobal
